
Microsoft Visual Studio Solution File, Format Version 12.00
# Visual Studio Version 17
VisualStudioVersion = 17.7.34003.232
MinimumVisualStudioVersion = 10.0.40219.1
Project("{FAE04EC0-301F-11D3-BF4B-00C04F79EFBC}") = "Projeto_Final_Bloco01", "Projeto_Final_Bloco01.csproj", "{AF9FB559-BC16-4F45-8BB1-542D4BD25F48}"
EndProject
Global
	GlobalSection(SolutionConfigurationPlatforms) = preSolution
		Debug|Any CPU = Debug|Any CPU
		Release|Any CPU = Release|Any CPU
	EndGlobalSection
	GlobalSection(ProjectConfigurationPlatforms) = postSolution
		{AF9FB559-BC16-4F45-8BB1-542D4BD25F48}.Debug|Any CPU.ActiveCfg = Debug|Any CPU
		{AF9FB559-BC16-4F45-8BB1-542D4BD25F48}.Debug|Any CPU.Build.0 = Debug|Any CPU
		{AF9FB559-BC16-4F45-8BB1-542D4BD25F48}.Release|Any CPU.ActiveCfg = Release|Any CPU
		{AF9FB559-BC16-4F45-8BB1-542D4BD25F48}.Release|Any CPU.Build.0 = Release|Any CPU
	EndGlobalSection
	GlobalSection(SolutionProperties) = preSolution
		HideSolutionNode = FALSE
	EndGlobalSection
	GlobalSection(ExtensibilityGlobals) = postSolution
		SolutionGuid = {9F2981A5-5C88-4C89-86B5-EE3D1A79E8FA}
	EndGlobalSection
EndGlobal
