
Microsoft Visual Studio Solution File, Format Version 12.00
# Visual Studio Version 17
VisualStudioVersion = 17.7.34003.232
MinimumVisualStudioVersion = 10.0.40219.1
Project("{FAE04EC0-301F-11D3-BF4B-00C04F79EFBC}") = "projeto_final_bloco_01", "projeto_final_bloco_01.csproj", "{D77A6851-AF39-4B08-AAE5-0FDF926FE37D}"
EndProject
Global
	GlobalSection(SolutionConfigurationPlatforms) = preSolution
		Debug|Any CPU = Debug|Any CPU
		Release|Any CPU = Release|Any CPU
	EndGlobalSection
	GlobalSection(ProjectConfigurationPlatforms) = postSolution
		{D77A6851-AF39-4B08-AAE5-0FDF926FE37D}.Debug|Any CPU.ActiveCfg = Debug|Any CPU
		{D77A6851-AF39-4B08-AAE5-0FDF926FE37D}.Debug|Any CPU.Build.0 = Debug|Any CPU
		{D77A6851-AF39-4B08-AAE5-0FDF926FE37D}.Release|Any CPU.ActiveCfg = Release|Any CPU
		{D77A6851-AF39-4B08-AAE5-0FDF926FE37D}.Release|Any CPU.Build.0 = Release|Any CPU
	EndGlobalSection
	GlobalSection(SolutionProperties) = preSolution
		HideSolutionNode = FALSE
	EndGlobalSection
	GlobalSection(ExtensibilityGlobals) = postSolution
		SolutionGuid = {F8C8E9CC-6EB2-4D36-B559-DC3145A207E5}
	EndGlobalSection
EndGlobal
