
Microsoft Visual Studio Solution File, Format Version 12.00
# Visual Studio Version 17
VisualStudioVersion = 17.7.34003.232
MinimumVisualStudioVersion = 10.0.40219.1
Project("{FAE04EC0-301F-11D3-BF4B-00C04F79EFBC}") = "ATIVIDADE04", "ATIVIDADE04.csproj", "{0FF3B9B9-9967-4BA8-91E8-D922A7FCB233}"
EndProject
Global
	GlobalSection(SolutionConfigurationPlatforms) = preSolution
		Debug|Any CPU = Debug|Any CPU
		Release|Any CPU = Release|Any CPU
	EndGlobalSection
	GlobalSection(ProjectConfigurationPlatforms) = postSolution
		{0FF3B9B9-9967-4BA8-91E8-D922A7FCB233}.Debug|Any CPU.ActiveCfg = Debug|Any CPU
		{0FF3B9B9-9967-4BA8-91E8-D922A7FCB233}.Debug|Any CPU.Build.0 = Debug|Any CPU
		{0FF3B9B9-9967-4BA8-91E8-D922A7FCB233}.Release|Any CPU.ActiveCfg = Release|Any CPU
		{0FF3B9B9-9967-4BA8-91E8-D922A7FCB233}.Release|Any CPU.Build.0 = Release|Any CPU
	EndGlobalSection
	GlobalSection(SolutionProperties) = preSolution
		HideSolutionNode = FALSE
	EndGlobalSection
	GlobalSection(ExtensibilityGlobals) = postSolution
		SolutionGuid = {9A623634-7840-4249-B9BF-76BCDFA08A1D}
	EndGlobalSection
EndGlobal
