
Microsoft Visual Studio Solution File, Format Version 12.00
# Visual Studio Version 17
VisualStudioVersion = 17.7.34003.232
MinimumVisualStudioVersion = 10.0.40219.1
Project("{FAE04EC0-301F-11D3-BF4B-00C04F79EFBC}") = "Notas", "Notas.csproj", "{D8207C64-625A-4DE1-9017-74F1A5AA8121}"
EndProject
Global
	GlobalSection(SolutionConfigurationPlatforms) = preSolution
		Debug|Any CPU = Debug|Any CPU
		Release|Any CPU = Release|Any CPU
	EndGlobalSection
	GlobalSection(ProjectConfigurationPlatforms) = postSolution
		{D8207C64-625A-4DE1-9017-74F1A5AA8121}.Debug|Any CPU.ActiveCfg = Debug|Any CPU
		{D8207C64-625A-4DE1-9017-74F1A5AA8121}.Debug|Any CPU.Build.0 = Debug|Any CPU
		{D8207C64-625A-4DE1-9017-74F1A5AA8121}.Release|Any CPU.ActiveCfg = Release|Any CPU
		{D8207C64-625A-4DE1-9017-74F1A5AA8121}.Release|Any CPU.Build.0 = Release|Any CPU
	EndGlobalSection
	GlobalSection(SolutionProperties) = preSolution
		HideSolutionNode = FALSE
	EndGlobalSection
	GlobalSection(ExtensibilityGlobals) = postSolution
		SolutionGuid = {06BE001A-5DB4-4C5A-992A-0C641188CCD3}
	EndGlobalSection
EndGlobal
