
Microsoft Visual Studio Solution File, Format Version 12.00
# Visual Studio Version 17
VisualStudioVersion = 17.7.34003.232
MinimumVisualStudioVersion = 10.0.40219.1
Project("{FAE04EC0-301F-11D3-BF4B-00C04F79EFBC}") = "Hash", "Hash.csproj", "{EE44A986-8233-4173-B481-F03E40633ED8}"
EndProject
Global
	GlobalSection(SolutionConfigurationPlatforms) = preSolution
		Debug|Any CPU = Debug|Any CPU
		Release|Any CPU = Release|Any CPU
	EndGlobalSection
	GlobalSection(ProjectConfigurationPlatforms) = postSolution
		{EE44A986-8233-4173-B481-F03E40633ED8}.Debug|Any CPU.ActiveCfg = Debug|Any CPU
		{EE44A986-8233-4173-B481-F03E40633ED8}.Debug|Any CPU.Build.0 = Debug|Any CPU
		{EE44A986-8233-4173-B481-F03E40633ED8}.Release|Any CPU.ActiveCfg = Release|Any CPU
		{EE44A986-8233-4173-B481-F03E40633ED8}.Release|Any CPU.Build.0 = Release|Any CPU
	EndGlobalSection
	GlobalSection(SolutionProperties) = preSolution
		HideSolutionNode = FALSE
	EndGlobalSection
	GlobalSection(ExtensibilityGlobals) = postSolution
		SolutionGuid = {8338C8FD-625F-49B4-AFA0-D4C57C9D7050}
	EndGlobalSection
EndGlobal
