
Microsoft Visual Studio Solution File, Format Version 12.00
# Visual Studio Version 17
VisualStudioVersion = 17.7.34003.232
MinimumVisualStudioVersion = 10.0.40219.1
Project("{FAE04EC0-301F-11D3-BF4B-00C04F79EFBC}") = "ATIVIDADE03", "ATIVIDADE03.csproj", "{F2114880-A069-45EC-BDD5-451FD052EEE7}"
EndProject
Global
	GlobalSection(SolutionConfigurationPlatforms) = preSolution
		Debug|Any CPU = Debug|Any CPU
		Release|Any CPU = Release|Any CPU
	EndGlobalSection
	GlobalSection(ProjectConfigurationPlatforms) = postSolution
		{F2114880-A069-45EC-BDD5-451FD052EEE7}.Debug|Any CPU.ActiveCfg = Debug|Any CPU
		{F2114880-A069-45EC-BDD5-451FD052EEE7}.Debug|Any CPU.Build.0 = Debug|Any CPU
		{F2114880-A069-45EC-BDD5-451FD052EEE7}.Release|Any CPU.ActiveCfg = Release|Any CPU
		{F2114880-A069-45EC-BDD5-451FD052EEE7}.Release|Any CPU.Build.0 = Release|Any CPU
	EndGlobalSection
	GlobalSection(SolutionProperties) = preSolution
		HideSolutionNode = FALSE
	EndGlobalSection
	GlobalSection(ExtensibilityGlobals) = postSolution
		SolutionGuid = {E98C151E-DDD5-4F25-A6EF-14516EAB7A7F}
	EndGlobalSection
EndGlobal
