
Microsoft Visual Studio Solution File, Format Version 12.00
# Visual Studio Version 17
VisualStudioVersion = 17.7.34003.232
MinimumVisualStudioVersion = 10.0.40219.1
Project("{FAE04EC0-301F-11D3-BF4B-00C04F79EFBC}") = "HelloWorld", "HelloWorld.csproj", "{FBF30252-3652-4FDC-B14F-2CB8A8B729F6}"
EndProject
Global
	GlobalSection(SolutionConfigurationPlatforms) = preSolution
		Debug|Any CPU = Debug|Any CPU
		Release|Any CPU = Release|Any CPU
	EndGlobalSection
	GlobalSection(ProjectConfigurationPlatforms) = postSolution
		{FBF30252-3652-4FDC-B14F-2CB8A8B729F6}.Debug|Any CPU.ActiveCfg = Debug|Any CPU
		{FBF30252-3652-4FDC-B14F-2CB8A8B729F6}.Debug|Any CPU.Build.0 = Debug|Any CPU
		{FBF30252-3652-4FDC-B14F-2CB8A8B729F6}.Release|Any CPU.ActiveCfg = Release|Any CPU
		{FBF30252-3652-4FDC-B14F-2CB8A8B729F6}.Release|Any CPU.Build.0 = Release|Any CPU
	EndGlobalSection
	GlobalSection(SolutionProperties) = preSolution
		HideSolutionNode = FALSE
	EndGlobalSection
	GlobalSection(ExtensibilityGlobals) = postSolution
		SolutionGuid = {C1F38B84-B773-48BE-80A7-D2269E77C9FD}
	EndGlobalSection
EndGlobal
