
Microsoft Visual Studio Solution File, Format Version 12.00
# Visual Studio Version 17
VisualStudioVersion = 17.7.34003.232
MinimumVisualStudioVersion = 10.0.40219.1
Project("{FAE04EC0-301F-11D3-BF4B-00C04F79EFBC}") = "PIlha", "PIlha.csproj", "{D67BF226-1C32-4912-A221-367E6B0E1B0A}"
EndProject
Global
	GlobalSection(SolutionConfigurationPlatforms) = preSolution
		Debug|Any CPU = Debug|Any CPU
		Release|Any CPU = Release|Any CPU
	EndGlobalSection
	GlobalSection(ProjectConfigurationPlatforms) = postSolution
		{D67BF226-1C32-4912-A221-367E6B0E1B0A}.Debug|Any CPU.ActiveCfg = Debug|Any CPU
		{D67BF226-1C32-4912-A221-367E6B0E1B0A}.Debug|Any CPU.Build.0 = Debug|Any CPU
		{D67BF226-1C32-4912-A221-367E6B0E1B0A}.Release|Any CPU.ActiveCfg = Release|Any CPU
		{D67BF226-1C32-4912-A221-367E6B0E1B0A}.Release|Any CPU.Build.0 = Release|Any CPU
	EndGlobalSection
	GlobalSection(SolutionProperties) = preSolution
		HideSolutionNode = FALSE
	EndGlobalSection
	GlobalSection(ExtensibilityGlobals) = postSolution
		SolutionGuid = {04F545AF-85D6-4FD9-8E1C-9D24452183DD}
	EndGlobalSection
EndGlobal
