
Microsoft Visual Studio Solution File, Format Version 12.00
# Visual Studio Version 17
VisualStudioVersion = 17.7.34003.232
MinimumVisualStudioVersion = 10.0.40219.1
Project("{FAE04EC0-301F-11D3-BF4B-00C04F79EFBC}") = "Transportes", "Transportes.csproj", "{77C042A2-100D-46AF-8C5F-D08EA8FED29D}"
EndProject
Global
	GlobalSection(SolutionConfigurationPlatforms) = preSolution
		Debug|Any CPU = Debug|Any CPU
		Release|Any CPU = Release|Any CPU
	EndGlobalSection
	GlobalSection(ProjectConfigurationPlatforms) = postSolution
		{77C042A2-100D-46AF-8C5F-D08EA8FED29D}.Debug|Any CPU.ActiveCfg = Debug|Any CPU
		{77C042A2-100D-46AF-8C5F-D08EA8FED29D}.Debug|Any CPU.Build.0 = Debug|Any CPU
		{77C042A2-100D-46AF-8C5F-D08EA8FED29D}.Release|Any CPU.ActiveCfg = Release|Any CPU
		{77C042A2-100D-46AF-8C5F-D08EA8FED29D}.Release|Any CPU.Build.0 = Release|Any CPU
	EndGlobalSection
	GlobalSection(SolutionProperties) = preSolution
		HideSolutionNode = FALSE
	EndGlobalSection
	GlobalSection(ExtensibilityGlobals) = postSolution
		SolutionGuid = {2B75C9F7-5633-4B80-A9DD-B56FC1E24AAF}
	EndGlobalSection
EndGlobal
