
Microsoft Visual Studio Solution File, Format Version 12.00
# Visual Studio Version 17
VisualStudioVersion = 17.7.34003.232
MinimumVisualStudioVersion = 10.0.40219.1
Project("{FAE04EC0-301F-11D3-BF4B-00C04F79EFBC}") = "ProjetoFinalBloco01", "ProjetoFinalBloco01.csproj", "{744440E6-AF4E-4B5A-A632-AA198EE0FE85}"
EndProject
Global
	GlobalSection(SolutionConfigurationPlatforms) = preSolution
		Debug|Any CPU = Debug|Any CPU
		Release|Any CPU = Release|Any CPU
	EndGlobalSection
	GlobalSection(ProjectConfigurationPlatforms) = postSolution
		{744440E6-AF4E-4B5A-A632-AA198EE0FE85}.Debug|Any CPU.ActiveCfg = Debug|Any CPU
		{744440E6-AF4E-4B5A-A632-AA198EE0FE85}.Debug|Any CPU.Build.0 = Debug|Any CPU
		{744440E6-AF4E-4B5A-A632-AA198EE0FE85}.Release|Any CPU.ActiveCfg = Release|Any CPU
		{744440E6-AF4E-4B5A-A632-AA198EE0FE85}.Release|Any CPU.Build.0 = Release|Any CPU
	EndGlobalSection
	GlobalSection(SolutionProperties) = preSolution
		HideSolutionNode = FALSE
	EndGlobalSection
	GlobalSection(ExtensibilityGlobals) = postSolution
		SolutionGuid = {AAFDA1DE-169E-46C4-956F-9B975CB519FB}
	EndGlobalSection
EndGlobal
