
Microsoft Visual Studio Solution File, Format Version 12.00
# Visual Studio Version 17
VisualStudioVersion = 17.7.34003.232
MinimumVisualStudioVersion = 10.0.40219.1
Project("{FAE04EC0-301F-11D3-BF4B-00C04F79EFBC}") = "ATIVIDADE03_FILA", "ATIVIDADE03_FILA.csproj", "{1B7A6302-A46F-4446-B798-02A8CD36D6B8}"
EndProject
Global
	GlobalSection(SolutionConfigurationPlatforms) = preSolution
		Debug|Any CPU = Debug|Any CPU
		Release|Any CPU = Release|Any CPU
	EndGlobalSection
	GlobalSection(ProjectConfigurationPlatforms) = postSolution
		{1B7A6302-A46F-4446-B798-02A8CD36D6B8}.Debug|Any CPU.ActiveCfg = Debug|Any CPU
		{1B7A6302-A46F-4446-B798-02A8CD36D6B8}.Debug|Any CPU.Build.0 = Debug|Any CPU
		{1B7A6302-A46F-4446-B798-02A8CD36D6B8}.Release|Any CPU.ActiveCfg = Release|Any CPU
		{1B7A6302-A46F-4446-B798-02A8CD36D6B8}.Release|Any CPU.Build.0 = Release|Any CPU
	EndGlobalSection
	GlobalSection(SolutionProperties) = preSolution
		HideSolutionNode = FALSE
	EndGlobalSection
	GlobalSection(ExtensibilityGlobals) = postSolution
		SolutionGuid = {DD4A150B-94DB-49A3-AD95-F03E65A8E504}
	EndGlobalSection
EndGlobal
