
Microsoft Visual Studio Solution File, Format Version 12.00
# Visual Studio Version 17
VisualStudioVersion = 17.7.34003.232
MinimumVisualStudioVersion = 10.0.40219.1
Project("{FAE04EC0-301F-11D3-BF4B-00C04F79EFBC}") = "metodos02", "metodos02.csproj", "{1A4157F4-331E-47B5-8943-C068ADDCC759}"
EndProject
Global
	GlobalSection(SolutionConfigurationPlatforms) = preSolution
		Debug|Any CPU = Debug|Any CPU
		Release|Any CPU = Release|Any CPU
	EndGlobalSection
	GlobalSection(ProjectConfigurationPlatforms) = postSolution
		{1A4157F4-331E-47B5-8943-C068ADDCC759}.Debug|Any CPU.ActiveCfg = Debug|Any CPU
		{1A4157F4-331E-47B5-8943-C068ADDCC759}.Debug|Any CPU.Build.0 = Debug|Any CPU
		{1A4157F4-331E-47B5-8943-C068ADDCC759}.Release|Any CPU.ActiveCfg = Release|Any CPU
		{1A4157F4-331E-47B5-8943-C068ADDCC759}.Release|Any CPU.Build.0 = Release|Any CPU
	EndGlobalSection
	GlobalSection(SolutionProperties) = preSolution
		HideSolutionNode = FALSE
	EndGlobalSection
	GlobalSection(ExtensibilityGlobals) = postSolution
		SolutionGuid = {747F7F2D-F2ED-4D39-B685-0744A6204D10}
	EndGlobalSection
EndGlobal
