
Microsoft Visual Studio Solution File, Format Version 12.00
# Visual Studio Version 17
VisualStudioVersion = 17.7.34003.232
MinimumVisualStudioVersion = 10.0.40219.1
Project("{FAE04EC0-301F-11D3-BF4B-00C04F79EFBC}") = "Pesquisa", "Pesquisa.csproj", "{9C332747-E6E6-459E-95C5-A2B5490E6D1B}"
EndProject
Global
	GlobalSection(SolutionConfigurationPlatforms) = preSolution
		Debug|Any CPU = Debug|Any CPU
		Release|Any CPU = Release|Any CPU
	EndGlobalSection
	GlobalSection(ProjectConfigurationPlatforms) = postSolution
		{9C332747-E6E6-459E-95C5-A2B5490E6D1B}.Debug|Any CPU.ActiveCfg = Debug|Any CPU
		{9C332747-E6E6-459E-95C5-A2B5490E6D1B}.Debug|Any CPU.Build.0 = Debug|Any CPU
		{9C332747-E6E6-459E-95C5-A2B5490E6D1B}.Release|Any CPU.ActiveCfg = Release|Any CPU
		{9C332747-E6E6-459E-95C5-A2B5490E6D1B}.Release|Any CPU.Build.0 = Release|Any CPU
	EndGlobalSection
	GlobalSection(SolutionProperties) = preSolution
		HideSolutionNode = FALSE
	EndGlobalSection
	GlobalSection(ExtensibilityGlobals) = postSolution
		SolutionGuid = {0F9AF5C8-9BC2-48CD-9A89-FC7171CC4554}
	EndGlobalSection
EndGlobal
